
Microsoft Visual Studio Solution File, Format Version 12.00
# Visual Studio 2012
Project("{FAE04EC0-301F-11D3-BF4B-00C04F79EFBC}") = "Cygnus", "Cygnus\Cygnus.csproj", "{CF954C91-B95D-4E35-AAF1-B4AD19E82E0D}"
EndProject
Project("{FAE04EC0-301F-11D3-BF4B-00C04F79EFBC}") = "CygnusMetroTest", "CygnusMetroTest\CygnusMetroTest\CygnusMetroTest.csproj", "{A472E9A6-F40C-4307-9A8C-172F2FC9DB28}"
EndProject
Global
	GlobalSection(SolutionConfigurationPlatforms) = preSolution
		Debug|Any CPU = Debug|Any CPU
		Debug|ARM = Debug|ARM
		Debug|x64 = Debug|x64
		Debug|x86 = Debug|x86
		Release|Any CPU = Release|Any CPU
		Release|ARM = Release|ARM
		Release|x64 = Release|x64
		Release|x86 = Release|x86
	EndGlobalSection
	GlobalSection(ProjectConfigurationPlatforms) = postSolution
		{CF954C91-B95D-4E35-AAF1-B4AD19E82E0D}.Debug|Any CPU.ActiveCfg = Debug|Any CPU
		{CF954C91-B95D-4E35-AAF1-B4AD19E82E0D}.Debug|Any CPU.Build.0 = Debug|Any CPU
		{CF954C91-B95D-4E35-AAF1-B4AD19E82E0D}.Debug|ARM.ActiveCfg = Debug|ARM
		{CF954C91-B95D-4E35-AAF1-B4AD19E82E0D}.Debug|ARM.Build.0 = Debug|ARM
		{CF954C91-B95D-4E35-AAF1-B4AD19E82E0D}.Debug|x64.ActiveCfg = Debug|x64
		{CF954C91-B95D-4E35-AAF1-B4AD19E82E0D}.Debug|x64.Build.0 = Debug|x64
		{CF954C91-B95D-4E35-AAF1-B4AD19E82E0D}.Debug|x86.ActiveCfg = Debug|x86
		{CF954C91-B95D-4E35-AAF1-B4AD19E82E0D}.Debug|x86.Build.0 = Debug|x86
		{CF954C91-B95D-4E35-AAF1-B4AD19E82E0D}.Release|Any CPU.ActiveCfg = Release|Any CPU
		{CF954C91-B95D-4E35-AAF1-B4AD19E82E0D}.Release|Any CPU.Build.0 = Release|Any CPU
		{CF954C91-B95D-4E35-AAF1-B4AD19E82E0D}.Release|ARM.ActiveCfg = Release|ARM
		{CF954C91-B95D-4E35-AAF1-B4AD19E82E0D}.Release|ARM.Build.0 = Release|ARM
		{CF954C91-B95D-4E35-AAF1-B4AD19E82E0D}.Release|x64.ActiveCfg = Release|x64
		{CF954C91-B95D-4E35-AAF1-B4AD19E82E0D}.Release|x64.Build.0 = Release|x64
		{CF954C91-B95D-4E35-AAF1-B4AD19E82E0D}.Release|x86.ActiveCfg = Release|x86
		{CF954C91-B95D-4E35-AAF1-B4AD19E82E0D}.Release|x86.Build.0 = Release|x86
		{A472E9A6-F40C-4307-9A8C-172F2FC9DB28}.Debug|Any CPU.ActiveCfg = Debug|Any CPU
		{A472E9A6-F40C-4307-9A8C-172F2FC9DB28}.Debug|Any CPU.Build.0 = Debug|Any CPU
		{A472E9A6-F40C-4307-9A8C-172F2FC9DB28}.Debug|Any CPU.Deploy.0 = Debug|Any CPU
		{A472E9A6-F40C-4307-9A8C-172F2FC9DB28}.Debug|ARM.ActiveCfg = Debug|ARM
		{A472E9A6-F40C-4307-9A8C-172F2FC9DB28}.Debug|ARM.Build.0 = Debug|ARM
		{A472E9A6-F40C-4307-9A8C-172F2FC9DB28}.Debug|ARM.Deploy.0 = Debug|ARM
		{A472E9A6-F40C-4307-9A8C-172F2FC9DB28}.Debug|x64.ActiveCfg = Debug|x64
		{A472E9A6-F40C-4307-9A8C-172F2FC9DB28}.Debug|x64.Build.0 = Debug|x64
		{A472E9A6-F40C-4307-9A8C-172F2FC9DB28}.Debug|x64.Deploy.0 = Debug|x64
		{A472E9A6-F40C-4307-9A8C-172F2FC9DB28}.Debug|x86.ActiveCfg = Debug|x86
		{A472E9A6-F40C-4307-9A8C-172F2FC9DB28}.Debug|x86.Build.0 = Debug|x86
		{A472E9A6-F40C-4307-9A8C-172F2FC9DB28}.Debug|x86.Deploy.0 = Debug|x86
		{A472E9A6-F40C-4307-9A8C-172F2FC9DB28}.Release|Any CPU.ActiveCfg = Release|Any CPU
		{A472E9A6-F40C-4307-9A8C-172F2FC9DB28}.Release|Any CPU.Build.0 = Release|Any CPU
		{A472E9A6-F40C-4307-9A8C-172F2FC9DB28}.Release|Any CPU.Deploy.0 = Release|Any CPU
		{A472E9A6-F40C-4307-9A8C-172F2FC9DB28}.Release|ARM.ActiveCfg = Release|ARM
		{A472E9A6-F40C-4307-9A8C-172F2FC9DB28}.Release|ARM.Build.0 = Release|ARM
		{A472E9A6-F40C-4307-9A8C-172F2FC9DB28}.Release|ARM.Deploy.0 = Release|ARM
		{A472E9A6-F40C-4307-9A8C-172F2FC9DB28}.Release|x64.ActiveCfg = Release|x64
		{A472E9A6-F40C-4307-9A8C-172F2FC9DB28}.Release|x64.Build.0 = Release|x64
		{A472E9A6-F40C-4307-9A8C-172F2FC9DB28}.Release|x64.Deploy.0 = Release|x64
		{A472E9A6-F40C-4307-9A8C-172F2FC9DB28}.Release|x86.ActiveCfg = Release|x86
		{A472E9A6-F40C-4307-9A8C-172F2FC9DB28}.Release|x86.Build.0 = Release|x86
		{A472E9A6-F40C-4307-9A8C-172F2FC9DB28}.Release|x86.Deploy.0 = Release|x86
	EndGlobalSection
	GlobalSection(SolutionProperties) = preSolution
		HideSolutionNode = FALSE
	EndGlobalSection
EndGlobal
